
Microsoft Visual Studio Solution File, Format Version 12.00
# Visual Studio Version 18
VisualStudioVersion = 18.6.11716.218
MinimumVisualStudioVersion = 10.0.40219.1
Project("{FAE04EC0-301F-11D3-BF4B-00C04F79EFBC}") = "Presentation", "Presentation\Presentation.csproj", "{30E98CEF-A34C-4E42-87B4-7787F32E149E}"
EndProject
Project("{FAE04EC0-301F-11D3-BF4B-00C04F79EFBC}") = "Domain", "Domain\Domain.csproj", "{34E28AFE-9636-4F16-BD60-A05912814DDD}"
EndProject
Project("{FAE04EC0-301F-11D3-BF4B-00C04F79EFBC}") = "Application", "Application\Application.csproj", "{A0FCF87E-20BC-4FA7-A693-F637F89C415B}"
EndProject
Project("{FAE04EC0-301F-11D3-BF4B-00C04F79EFBC}") = "Infrastructure", "Infrastructure\Infrastructure.csproj", "{A905E16F-F326-4AFF-9973-EDE4BF2BEE27}"
EndProject
Project("{FAE04EC0-301F-11D3-BF4B-00C04F79EFBC}") = "TLoyality.Tests", "TLoyality.Tests\TLoyality.Tests.csproj", "{AAC7B37C-E4D0-4DF8-A503-125F30D4F895}"
EndProject
Global
	GlobalSection(SolutionConfigurationPlatforms) = preSolution
		Debug|Any CPU = Debug|Any CPU
		Release|Any CPU = Release|Any CPU
	EndGlobalSection
	GlobalSection(ProjectConfigurationPlatforms) = postSolution
		{30E98CEF-A34C-4E42-87B4-7787F32E149E}.Debug|Any CPU.ActiveCfg = Debug|Any CPU
		{30E98CEF-A34C-4E42-87B4-7787F32E149E}.Debug|Any CPU.Build.0 = Debug|Any CPU
		{30E98CEF-A34C-4E42-87B4-7787F32E149E}.Release|Any CPU.ActiveCfg = Release|Any CPU
		{30E98CEF-A34C-4E42-87B4-7787F32E149E}.Release|Any CPU.Build.0 = Release|Any CPU
		{34E28AFE-9636-4F16-BD60-A05912814DDD}.Debug|Any CPU.ActiveCfg = Debug|Any CPU
		{34E28AFE-9636-4F16-BD60-A05912814DDD}.Debug|Any CPU.Build.0 = Debug|Any CPU
		{34E28AFE-9636-4F16-BD60-A05912814DDD}.Release|Any CPU.ActiveCfg = Release|Any CPU
		{34E28AFE-9636-4F16-BD60-A05912814DDD}.Release|Any CPU.Build.0 = Release|Any CPU
		{A0FCF87E-20BC-4FA7-A693-F637F89C415B}.Debug|Any CPU.ActiveCfg = Debug|Any CPU
		{A0FCF87E-20BC-4FA7-A693-F637F89C415B}.Debug|Any CPU.Build.0 = Debug|Any CPU
		{A0FCF87E-20BC-4FA7-A693-F637F89C415B}.Release|Any CPU.ActiveCfg = Release|Any CPU
		{A0FCF87E-20BC-4FA7-A693-F637F89C415B}.Release|Any CPU.Build.0 = Release|Any CPU
		{A905E16F-F326-4AFF-9973-EDE4BF2BEE27}.Debug|Any CPU.ActiveCfg = Debug|Any CPU
		{A905E16F-F326-4AFF-9973-EDE4BF2BEE27}.Debug|Any CPU.Build.0 = Debug|Any CPU
		{A905E16F-F326-4AFF-9973-EDE4BF2BEE27}.Release|Any CPU.ActiveCfg = Release|Any CPU
		{A905E16F-F326-4AFF-9973-EDE4BF2BEE27}.Release|Any CPU.Build.0 = Release|Any CPU
		{AAC7B37C-E4D0-4DF8-A503-125F30D4F895}.Debug|Any CPU.ActiveCfg = Debug|Any CPU
		{AAC7B37C-E4D0-4DF8-A503-125F30D4F895}.Debug|Any CPU.Build.0 = Debug|Any CPU
		{AAC7B37C-E4D0-4DF8-A503-125F30D4F895}.Release|Any CPU.ActiveCfg = Release|Any CPU
		{AAC7B37C-E4D0-4DF8-A503-125F30D4F895}.Release|Any CPU.Build.0 = Release|Any CPU
	EndGlobalSection
	GlobalSection(SolutionProperties) = preSolution
		HideSolutionNode = FALSE
	EndGlobalSection
	GlobalSection(ExtensibilityGlobals) = postSolution
		SolutionGuid = {CBCF9A4D-4C5E-4244-8E30-1CF507DDA0A3}
	EndGlobalSection
EndGlobal
